[[tools."aqua:BurntSushi/ripgrep"]]
version = "15.1.0"
backend = "aqua:BurntSushi/ripgrep"
"platforms.linux-arm64" = { checksum = "sha256:2b661c6ef508e902f388e9098d9c4c5aca72c87b55922d94abdba830b4dc885e", url = "https://github.com/BurntSushi/ripgrep/releases/download/15.1.0/ripgrep-15.1.0-aarch64-unknown-linux-gnu.tar.gz"}
"platforms.linux-x64" = { checksum = "sha256:1c9297be4a084eea7ecaedf93eb03d058d6faae29bbc57ecdaf5063921491599", url = "https://github.com/BurntSushi/ripgrep/releases/download/15.1.0/ripgrep-15.1.0-x86_64-unknown-linux-musl.tar.gz"}
"platforms.macos-arm64" = { checksum = "sha256:378e973289176ca0c6054054ee7f631a065874a352bf43f0fa60ef079b6ba715", url = "https://github.com/BurntSushi/ripgrep/releases/download/15.1.0/ripgrep-15.1.0-aarch64-apple-darwin.tar.gz"}
"platforms.macos-x64" = { checksum = "sha256:64811cb24e77cac3057d6c40b63ac9becf9082eedd54ca411b475b755d334882", url = "https://github.com/BurntSushi/ripgrep/releases/download/15.1.0/ripgrep-15.1.0-x86_64-apple-darwin.tar.gz"}
"platforms.windows-x64" = { checksum = "sha256:124510b94b6baa3380d051fdf4650eaa80a302c876d611e9dba0b2e18d87493a", url = "https://github.com/BurntSushi/ripgrep/releases/download/15.1.0/ripgrep-15.1.0-x86_64-pc-windows-msvc.zip"}

[[tools."aqua:ClementTsang/bottom"]]
version = "0.12.3"
backend = "aqua:ClementTsang/bottom"
"platforms.linux-arm64" = { checksum = "sha256:944f372beeaac326cbe3eb4424d7bae600173cec2b0bba363557cd72cc98a3e2", url = "https://github.com/ClementTsang/bottom/releases/download/0.12.3/bottom_aarch64-unknown-linux-musl.tar.gz"}
"platforms.linux-x64" = { checksum = "sha256:0d6352079422fda8f4ee242eb849f45a6008db96d6c1cd35e8436babc51bc33f", url = "https://github.com/ClementTsang/bottom/releases/download/0.12.3/bottom_x86_64-unknown-linux-musl.tar.gz"}
"platforms.macos-arm64" = { checksum = "sha256:106e9493d20192d18dbe46d4c99f680d817c796724103ee258567070fcd16429", url = "https://github.com/ClementTsang/bottom/releases/download/0.12.3/bottom_aarch64-apple-darwin.tar.gz"}
"platforms.macos-x64" = { checksum = "sha256:5744b5c78db14b85e025c31ded93ba038041e6ff2e8c16ea1d2f9bdb6487316f", url = "https://github.com/ClementTsang/bottom/releases/download/0.12.3/bottom_x86_64-apple-darwin.tar.gz"}
"platforms.windows-x64" = { checksum = "sha256:567879fd7210f8a692cd2657b41eda43c7713bef74dd025b240247accdda14fb", url = "https://github.com/ClementTsang/bottom/releases/download/0.12.3/bottom_x86_64-pc-windows-msvc.zip"}

[[tools."aqua:ajeetdsouza/zoxide"]]
version = "0.9.8"
backend = "aqua:ajeetdsouza/zoxide"
"platforms.linux-arm64" = { url = "https://github.com/ajeetdsouza/zoxide/releases/download/v0.9.8/zoxide-0.9.8-aarch64-unknown-linux-musl.tar.gz"}
"platforms.linux-x64" = { url = "https://github.com/ajeetdsouza/zoxide/releases/download/v0.9.8/zoxide-0.9.8-x86_64-unknown-linux-musl.tar.gz"}
"platforms.macos-arm64" = { url = "https://github.com/ajeetdsouza/zoxide/releases/download/v0.9.8/zoxide-0.9.8-aarch64-apple-darwin.tar.gz"}
"platforms.macos-x64" = { url = "https://github.com/ajeetdsouza/zoxide/releases/download/v0.9.8/zoxide-0.9.8-x86_64-apple-darwin.tar.gz"}
"platforms.windows-x64" = { url = "https://github.com/ajeetdsouza/zoxide/releases/download/v0.9.8/zoxide-0.9.8-x86_64-pc-windows-msvc.zip"}

[[tools."aqua:astral-sh/uv"]]
version = "0.9.26"
backend = "aqua:astral-sh/uv"
"platforms.linux-arm64" = { checksum = "sha256:ba8698c36c00c22efed4bd3506339b03c95604d001f02eaf6fbc814c9224d801", url = "https://github.com/astral-sh/uv/releases/download/0.9.26/uv-aarch64-unknown-linux-musl.tar.gz"}
"platforms.linux-x64" = { checksum = "sha256:708b752876aeeb753257e1d55470569789e465684c1d3bc1760db26360b6c28b", url = "https://github.com/astral-sh/uv/releases/download/0.9.26/uv-x86_64-unknown-linux-musl.tar.gz"}
"platforms.macos-arm64" = { checksum = "sha256:fcf0a9ea6599c6ae28a4c854ac6da76f2c889354d7c36ce136ef071f7ab9721f", url = "https://github.com/astral-sh/uv/releases/download/0.9.26/uv-aarch64-apple-darwin.tar.gz"}
"platforms.macos-x64" = { checksum = "sha256:171eb8c518313e157c5b4cec7b4f743bc6bab1bd23e09b646679a02d096a047f", url = "https://github.com/astral-sh/uv/releases/download/0.9.26/uv-x86_64-apple-darwin.tar.gz"}
"platforms.windows-x64" = { checksum = "sha256:eb02fd95d8e0eed462b4a67ecdd320d865b38c560bffcda9a0b87ec944bdf036", url = "https://github.com/astral-sh/uv/releases/download/0.9.26/uv-x86_64-pc-windows-msvc.zip"}

[[tools."aqua:bootandy/dust"]]
version = "1.2.4"
backend = "aqua:bootandy/dust"
"platforms.linux-arm64" = { checksum = "sha256:e09b0d24b5da0fa06aecf1561849c13ae41ef055c1ce7077e35e9a46744b16af", url = "https://github.com/bootandy/dust/releases/download/v1.2.4/dust-v1.2.4-aarch64-unknown-linux-musl.tar.gz"}
"platforms.linux-x64" = { checksum = "sha256:4e313f9f854017e58a2ada4c0d1774677b8cf53d63ab55a991d5871d5f504452", url = "https://github.com/bootandy/dust/releases/download/v1.2.4/dust-v1.2.4-x86_64-unknown-linux-musl.tar.gz"}
"platforms.macos-arm64" = { checksum = "sha256:bf84d3ff7f58e325d3eb5bb7696df6b22ef1e01fec80c2d8f7c9d3e611be66f4", url = "https://github.com/bootandy/dust/releases/download/v1.2.4/dust-v1.2.4-x86_64-apple-darwin.tar.gz"}
"platforms.macos-x64" = { checksum = "sha256:bf84d3ff7f58e325d3eb5bb7696df6b22ef1e01fec80c2d8f7c9d3e611be66f4", url = "https://github.com/bootandy/dust/releases/download/v1.2.4/dust-v1.2.4-x86_64-apple-darwin.tar.gz"}
"platforms.windows-x64" = { checksum = "sha256:eb08d642f016787bb9fc918a4dc5f34665463657fddf83a40f2441cbf020fb4c", url = "https://github.com/bootandy/dust/releases/download/v1.2.4/dust-v1.2.4-x86_64-pc-windows-msvc.zip"}

[[tools."aqua:charmbracelet/glow"]]
version = "2.1.1"
backend = "aqua:charmbracelet/glow"
"platforms.linux-arm64" = { checksum = "sha256:ab12a703cc6efd06caf24860344a2e8bc2518055fdd986f98eb761c47917ef3d", url = "https://github.com/charmbracelet/glow/releases/download/v2.1.1/glow_2.1.1_Linux_arm64.tar.gz"}
"platforms.linux-x64" = { checksum = "sha256:59106b08be69b2a0bda1178327bbb7accd584e7c113ba3d2f5ef6e48ff3ac27f", url = "https://github.com/charmbracelet/glow/releases/download/v2.1.1/glow_2.1.1_Linux_x86_64.tar.gz"}
"platforms.macos-arm64" = { checksum = "sha256:234a20a7d0cebc775cdc77ecd62d28da9479364a122b52d8bac9adf1312b860d", url = "https://github.com/charmbracelet/glow/releases/download/v2.1.1/glow_2.1.1_Darwin_arm64.tar.gz"}
"platforms.macos-x64" = { checksum = "sha256:91334ebc659b44193327a6e2d198aa4e6c2953b1e003be00c983870685e9161b", url = "https://github.com/charmbracelet/glow/releases/download/v2.1.1/glow_2.1.1_Darwin_x86_64.tar.gz"}
"platforms.windows-x64" = { checksum = "sha256:b552952daa03afdfffa80be3f79ba8aec43426f8e78c026eb8502c7e6b604ed0", url = "https://github.com/charmbracelet/glow/releases/download/v2.1.1/glow_2.1.1_Windows_x86_64.zip"}

[[tools."aqua:chmln/sd"]]
version = "1.0.0"
backend = "aqua:chmln/sd"
"platforms.linux-arm64" = { url = "https://github.com/chmln/sd/releases/download/v1.0.0/sd-v1.0.0-aarch64-unknown-linux-musl.tar.gz"}
"platforms.linux-x64" = { url = "https://github.com/chmln/sd/releases/download/v1.0.0/sd-v1.0.0-x86_64-unknown-linux-musl.tar.gz"}
"platforms.macos-arm64" = { url = "https://github.com/chmln/sd/releases/download/v1.0.0/sd-v1.0.0-aarch64-apple-darwin.tar.gz"}
"platforms.macos-x64" = { url = "https://github.com/chmln/sd/releases/download/v1.0.0/sd-v1.0.0-x86_64-apple-darwin.tar.gz"}
"platforms.windows-x64" = { url = "https://github.com/chmln/sd/releases/download/v1.0.0/sd-v1.0.0-x86_64-pc-windows-msvc.zip"}

[[tools."aqua:dandavison/delta"]]
version = "0.18.2"
backend = "aqua:dandavison/delta"
"platforms.linux-arm64" = { url = "https://github.com/dandavison/delta/releases/download/0.18.2/delta-0.18.2-aarch64-unknown-linux-gnu.tar.gz"}
"platforms.linux-x64" = { url = "https://github.com/dandavison/delta/releases/download/0.18.2/delta-0.18.2-x86_64-unknown-linux-musl.tar.gz"}
"platforms.macos-arm64" = { url = "https://github.com/dandavison/delta/releases/download/0.18.2/delta-0.18.2-aarch64-apple-darwin.tar.gz"}
"platforms.macos-x64" = { url = "https://github.com/dandavison/delta/releases/download/0.18.2/delta-0.18.2-x86_64-apple-darwin.tar.gz"}
"platforms.windows-x64" = { url = "https://github.com/dandavison/delta/releases/download/0.18.2/delta-0.18.2-x86_64-pc-windows-msvc.zip"}

[[tools."aqua:jesseduffield/lazygit"]]
version = "0.58.1"
backend = "aqua:jesseduffield/lazygit"
"platforms.linux-arm64" = { checksum = "sha256:c0571542a3df894748afc8820fcd2ac16df0970df2ddb429280dfef47b1f2d1e", url = "https://github.com/jesseduffield/lazygit/releases/download/v0.58.1/lazygit_0.58.1_linux_arm64.tar.gz"}
"platforms.linux-x64" = { checksum = "sha256:61b6b839390c193466fb692f75df4e75ef5e9ced2bf5e0ca8b3848902f0adea9", url = "https://github.com/jesseduffield/lazygit/releases/download/v0.58.1/lazygit_0.58.1_linux_x86_64.tar.gz"}
"platforms.macos-arm64" = { checksum = "sha256:d93a8a217a51f26d0a643a97bd31e3fabcb2e3a78cdbf1f1e533b9cd8bc881ce", url = "https://github.com/jesseduffield/lazygit/releases/download/v0.58.1/lazygit_0.58.1_darwin_arm64.tar.gz"}
"platforms.macos-x64" = { checksum = "sha256:9f824298c8dbb3efaf6bf93a2e3be8a31fd53213bd3e759b7bd49d7bc7f8e3d0", url = "https://github.com/jesseduffield/lazygit/releases/download/v0.58.1/lazygit_0.58.1_darwin_x86_64.tar.gz"}
"platforms.windows-x64" = { checksum = "sha256:81f6f925e7eb97b32f89dd9c3597fed245f26fe81c7162a2470d501051f996dd", url = "https://github.com/jesseduffield/lazygit/releases/download/v0.58.1/lazygit_0.58.1_windows_x86_64.zip"}

[[tools."aqua:jqlang/jq"]]
version = "1.8.1"
backend = "aqua:jqlang/jq"
"platforms.linux-arm64" = { checksum = "sha256:6bc62f25981328edd3cfcfe6fe51b073f2d7e7710d7ef7fcdac28d4e384fc3d4", url = "https://github.com/jqlang/jq/releases/download/jq-1.8.1/jq-linux-arm64"}
"platforms.linux-x64" = { checksum = "sha256:020468de7539ce70ef1bceaf7cde2e8c4f2ca6c3afb84642aabc5c97d9fc2a0d", url = "https://github.com/jqlang/jq/releases/download/jq-1.8.1/jq-linux-amd64"}
"platforms.macos-arm64" = { checksum = "sha256:a9fe3ea2f86dfc72f6728417521ec9067b343277152b114f4e98d8cb0e263603", url = "https://github.com/jqlang/jq/releases/download/jq-1.8.1/jq-macos-arm64"}
"platforms.macos-x64" = { checksum = "sha256:e80dbe0d2a2597e3c11c404f03337b981d74b4a8504b70586c354b7697a7c27f", url = "https://github.com/jqlang/jq/releases/download/jq-1.8.1/jq-macos-amd64"}
"platforms.windows-x64" = { checksum = "sha256:23cb60a1354eed6bcc8d9b9735e8c7b388cd1fdcb75726b93bc299ef22dd9334", url = "https://github.com/jqlang/jq/releases/download/jq-1.8.1/jq-windows-amd64.exe"}

[[tools."aqua:junegunn/fzf"]]
version = "0.67.0"
backend = "aqua:junegunn/fzf"
"platforms.linux-arm64" = { checksum = "sha256:7071f48c2ac0f2bc992d6d33cc36fd675a579a98cc976dda699eea07dd5e9c58", url = "https://github.com/junegunn/fzf/releases/download/v0.67.0/fzf-0.67.0-linux_arm64.tar.gz"}
"platforms.linux-x64" = { checksum = "sha256:4be08018ca37b32518c608741933ea335a406de3558242b60619e98f25be2be1", url = "https://github.com/junegunn/fzf/releases/download/v0.67.0/fzf-0.67.0-linux_amd64.tar.gz"}
"platforms.macos-arm64" = { checksum = "sha256:b7f34c964d8e52c471c933cef8ec43dc71997c266cafafd1b013bed10fc229a1", url = "https://github.com/junegunn/fzf/releases/download/v0.67.0/fzf-0.67.0-darwin_arm64.tar.gz"}
"platforms.macos-x64" = { checksum = "sha256:88dc853e0914793a2e7be0d1acfe6c922d9ccad08e3302df092399775b0279ff", url = "https://github.com/junegunn/fzf/releases/download/v0.67.0/fzf-0.67.0-darwin_amd64.tar.gz"}
"platforms.windows-x64" = { checksum = "sha256:cad95326ed416d14226a03425513b049f5bc9a41f30a355e5fe204a29e666867", url = "https://github.com/junegunn/fzf/releases/download/v0.67.0/fzf-0.67.0-windows_amd64.zip"}

[[tools."aqua:mikefarah/yq"]]
version = "4.50.1"
backend = "aqua:mikefarah/yq"
"platforms.linux-arm64" = { checksum = "sha256:cf0a663d8e4e00bb61507c5237b95b45a6aaa1fbedac77f4dc8abdadd5e2b745", url = "https://github.com/mikefarah/yq/releases/download/v4.50.1/yq_linux_arm64"}
"platforms.linux-x64" = { checksum = "sha256:c7a1278e6bbc4924f41b56db838086c39d13ee25dcb22089e7fbf16ac901f0d4", url = "https://github.com/mikefarah/yq/releases/download/v4.50.1/yq_linux_amd64"}
"platforms.macos-arm64" = { checksum = "sha256:589cd3e27b2a0ae62fc4513c7d18db56203aaf88bf7c480f0cb3d4f4d0ac5514", url = "https://github.com/mikefarah/yq/releases/download/v4.50.1/yq_darwin_arm64"}
"platforms.macos-x64" = { checksum = "sha256:6c24724c203f8ef0afaa4584d8b7baa150fec7f6d8a493efa49b80f620174119", url = "https://github.com/mikefarah/yq/releases/download/v4.50.1/yq_darwin_amd64"}
"platforms.windows-x64" = { checksum = "sha256:85c8c1b035c3e7cd10c503f1f00334b6edae18c9fd6b64a06b98d82449e20bf8", url = "https://github.com/mikefarah/yq/releases/download/v4.50.1/yq_windows_amd64.exe"}

[[tools."aqua:phiresky/ripgrep-all"]]
version = "0.10.10"
backend = "aqua:phiresky/ripgrep-all"
"platforms.linux-arm64" = { checksum = "sha256:2cd875ab6c78b27e4830b5bca92c570a8a8dcfb368bc71b189b65ac01fbc3020", url = "https://github.com/phiresky/ripgrep-all/releases/download/v0.10.10/ripgrep_all-v0.10.10-aarch64-unknown-linux-gnu.tar.gz"}
"platforms.linux-x64" = { checksum = "sha256:a969c25b182ac84aa672518313b5f741091decf7d93d03a020bcfe517b9ff4e8", url = "https://github.com/phiresky/ripgrep-all/releases/download/v0.10.10/ripgrep_all-v0.10.10-x86_64-unknown-linux-musl.tar.gz"}
"platforms.macos-arm64" = { checksum = "sha256:9deeaa927779078568832b5b69ae57986ca917f24974bb4976c062f632846856", url = "https://github.com/phiresky/ripgrep-all/releases/download/v0.10.10/ripgrep_all-v0.10.10-aarch64-apple-darwin.tar.gz"}
"platforms.macos-x64" = { checksum = "sha256:3d9fe75878ddab6a8e7abb66ab13af1bdea2844a02c479fb293b7bfb258ab353", url = "https://github.com/phiresky/ripgrep-all/releases/download/v0.10.10/ripgrep_all-v0.10.10-x86_64-apple-darwin.tar.gz"}

[[tools."aqua:rs/curlie"]]
version = "1.8.2"
backend = "aqua:rs/curlie"
"platforms.linux-arm64" = { checksum = "sha256:570d505ad08e51ffe98e2ee39ee969cb340e846bc17a10ed2e4ba7a5e9d64c1a", url = "https://github.com/rs/curlie/releases/download/v1.8.2/curlie_1.8.2_linux_arm64.tar.gz"}
"platforms.linux-x64" = { checksum = "sha256:033d39a06d7a4320f923c49b488b89ec415c1901413ae85d26b9f7a09b38f1a1", url = "https://github.com/rs/curlie/releases/download/v1.8.2/curlie_1.8.2_linux_amd64.tar.gz"}
"platforms.macos-arm64" = { checksum = "sha256:6501b25208c0edad5b3e1dbfaaa4cc963cccd1245d4c7d36b30b61607d0ae260", url = "https://github.com/rs/curlie/releases/download/v1.8.2/curlie_1.8.2_darwin_arm64.tar.gz"}
"platforms.macos-x64" = { checksum = "sha256:2c3493a39a0e07beed52a97db643995f32511fd3bab4a831e27ca8cbb1f06ad7", url = "https://github.com/rs/curlie/releases/download/v1.8.2/curlie_1.8.2_darwin_amd64.tar.gz"}
"platforms.windows-x64" = { checksum = "sha256:c9c722de200518bdde66ac1211fc10633fc21448dea90cb1f16e4f485a47fb56", url = "https://github.com/rs/curlie/releases/download/v1.8.2/curlie_1.8.2_windows_amd64.zip"}

[[tools."aqua:sharkdp/bat"]]
version = "0.26.1"
backend = "aqua:sharkdp/bat"
"platforms.linux-arm64" = { checksum = "sha256:6369242c584065f195fb20cb36fbd7cb63ae690605bbe89868a7596b596c2c23", url = "https://github.com/sharkdp/bat/releases/download/v0.26.1/bat-v0.26.1-aarch64-unknown-linux-musl.tar.gz"}
"platforms.linux-x64" = { checksum = "sha256:0dcd8ac79732c0d5b136f11f4ee00e581440e16a44eab5b3105b611bbf2cf191", url = "https://github.com/sharkdp/bat/releases/download/v0.26.1/bat-v0.26.1-x86_64-unknown-linux-musl.tar.gz"}
"platforms.macos-arm64" = { checksum = "sha256:e30beff26779c9bf60bb541e1d79046250cb74378f2757f8eb250afddb19e114", url = "https://github.com/sharkdp/bat/releases/download/v0.26.1/bat-v0.26.1-aarch64-apple-darwin.tar.gz"}
"platforms.macos-x64" = { checksum = "sha256:830d63b0bba1fa040542ec569e3cf77f60d3356b9de75116a344b061e0894245", url = "https://github.com/sharkdp/bat/releases/download/v0.26.1/bat-v0.26.1-x86_64-apple-darwin.tar.gz"}
"platforms.windows-x64" = { checksum = "sha256:0f729b4b6f5f28d395c641eacc2e9ff68d0096b85aa0eec344aa62425144b69b", url = "https://github.com/sharkdp/bat/releases/download/v0.26.1/bat-v0.26.1-x86_64-pc-windows-msvc.zip"}

[[tools."aqua:sharkdp/fd"]]
version = "10.3.0"
backend = "aqua:sharkdp/fd"
"platforms.linux-arm64" = { checksum = "sha256:996b9b1366433b211cb3bbedba91c9dbce2431842144d925428ead0adf32020b", url = "https://github.com/sharkdp/fd/releases/download/v10.3.0/fd-v10.3.0-aarch64-unknown-linux-musl.tar.gz"}
"platforms.linux-x64" = { checksum = "sha256:2b6bfaae8c48f12050813c2ffe1884c61ea26e750d803df9c9114550a314cd14", url = "https://github.com/sharkdp/fd/releases/download/v10.3.0/fd-v10.3.0-x86_64-unknown-linux-musl.tar.gz"}
"platforms.macos-arm64" = { checksum = "sha256:0570263812089120bc2a5d84f9e65cd0c25e4a4d724c80075c357239c74ae904", url = "https://github.com/sharkdp/fd/releases/download/v10.3.0/fd-v10.3.0-aarch64-apple-darwin.tar.gz"}
"platforms.macos-x64" = { checksum = "sha256:50d30f13fe3d5914b14c4fff5abcbd4d0cdab4b855970a6956f4f006c17117a3", url = "https://github.com/sharkdp/fd/releases/download/v10.3.0/fd-v10.3.0-x86_64-apple-darwin.tar.gz"}
"platforms.windows-x64" = { checksum = "sha256:318aa2a6fa664325933e81fda60d523fff29444129e91ebf0726b5b3bcd8b059", url = "https://github.com/sharkdp/fd/releases/download/v10.3.0/fd-v10.3.0-x86_64-pc-windows-msvc.zip"}

[[tools."aqua:sharkdp/hyperfine"]]
version = "1.20.0"
backend = "aqua:sharkdp/hyperfine"
"platforms.linux-arm64" = { checksum = "sha256:90875cb1db7a1d797c311174d061728361e58fc70e3b62262a00635ac3b1997c", url = "https://github.com/sharkdp/hyperfine/releases/download/v1.20.0/hyperfine-v1.20.0-aarch64-unknown-linux-gnu.tar.gz"}
"platforms.linux-x64" = { checksum = "sha256:3285ec7959285288137043dd81dce0dde056227018a8277532d9a364b4f03c2b", url = "https://github.com/sharkdp/hyperfine/releases/download/v1.20.0/hyperfine-v1.20.0-x86_64-unknown-linux-musl.tar.gz"}
"platforms.macos-arm64" = { checksum = "sha256:f58d0b90993fadfa122a351428c469ce24afef3865f027f0e6e86f0830d088f1", url = "https://github.com/sharkdp/hyperfine/releases/download/v1.20.0/hyperfine-v1.20.0-x86_64-apple-darwin.tar.gz"}
"platforms.macos-x64" = { checksum = "sha256:f58d0b90993fadfa122a351428c469ce24afef3865f027f0e6e86f0830d088f1", url = "https://github.com/sharkdp/hyperfine/releases/download/v1.20.0/hyperfine-v1.20.0-x86_64-apple-darwin.tar.gz"}
"platforms.windows-x64" = { checksum = "sha256:2508c549b049b1d4342d08edc1cb42bfac169082b6e3069431b5bab9822dbb32", url = "https://github.com/sharkdp/hyperfine/releases/download/v1.20.0/hyperfine-v1.20.0-x86_64-pc-windows-msvc.zip"}

[[tools."aqua:superfly/flyctl"]]
version = "0.4.6"
backend = "aqua:superfly/flyctl"
"platforms.macos-arm64" = { checksum = "sha256:2906cf39d0be1eab92e456343570d35304e08da4a800643d02c3cac07cd60b74", url = "https://github.com/superfly/flyctl/releases/download/v0.4.6/flyctl_0.4.6_macOS_arm64.tar.gz"}

[[tools."aqua:sxyazi/yazi"]]
version = "26.1.22"
backend = "aqua:sxyazi/yazi"
"platforms.macos-arm64" = { checksum = "sha256:8355ad582dd9f4ef1f88a228080f2b6116bbb483dd48d1bde555d475f4d2afe4", url = "https://github.com/sxyazi/yazi/releases/download/v26.1.22/yazi-aarch64-apple-darwin.zip"}

[[tools."aqua:watchexec/watchexec"]]
version = "2.3.3"
backend = "aqua:watchexec/watchexec"
"platforms.linux-arm64" = { checksum = "sha256:45347d86979de6a9766f3cac3a3c863396a7c3cfd1853a9f2a920d4c402cbe40", url = "https://github.com/watchexec/watchexec/releases/download/v2.3.3/watchexec-2.3.3-aarch64-unknown-linux-gnu.tar.xz"}
"platforms.linux-x64" = { checksum = "sha256:d9ac7f301dc21885b10ca3d2e428b48b6eb7c22202e206c31111f9158d6db6f0", url = "https://github.com/watchexec/watchexec/releases/download/v2.3.3/watchexec-2.3.3-x86_64-unknown-linux-gnu.tar.xz"}
"platforms.macos-arm64" = { checksum = "sha256:ab96b0ed8bd02828222f01a003c9efbd0f80facd7b884d716547083545531c90", url = "https://github.com/watchexec/watchexec/releases/download/v2.3.3/watchexec-2.3.3-aarch64-apple-darwin.tar.xz"}
"platforms.macos-x64" = { checksum = "sha256:d3e2fae0abdccbf8e6d6d7e4c693eef45d32bd4fb2626c763dc4fc892e97d6da", url = "https://github.com/watchexec/watchexec/releases/download/v2.3.3/watchexec-2.3.3-x86_64-apple-darwin.tar.xz"}
"platforms.windows-x64" = { checksum = "sha256:dbb88e1000406f8158a048896cf549551dac9e7ad1ff2cd60099884f655b6e07", url = "https://github.com/watchexec/watchexec/releases/download/v2.3.3/watchexec-2.3.3-x86_64-pc-windows-msvc.zip"}

[[tools."cargo:cargo-generate"]]
version = "0.23.7"
backend = "cargo:cargo-generate"

[[tools."cargo:cargo-progenitor"]]
version = "0.11.2"
backend = "cargo:cargo-progenitor"

[[tools."cargo:cargo-swift"]]
version = "0.10.0"
backend = "cargo:cargo-swift"

[[tools."cargo:cargo-update"]]
version = "18.0.0"
backend = "cargo:cargo-update"

[[tools."cargo:dutree"]]
version = "0.2.18"
backend = "cargo:dutree"

[[tools."cargo:evcxr_jupyter"]]
version = "0.21.1"
backend = "cargo:evcxr_jupyter"

[[tools."cargo:eza"]]
version = "0.23.4"
backend = "cargo:eza"

[[tools."cargo:hackernews_tui"]]
version = "0.13.5"
backend = "cargo:hackernews_tui"

[[tools."cargo:imessage-exporter"]]
version = "3.3.1"
backend = "cargo:imessage-exporter"

[[tools."cargo:names"]]
version = "0.14.0"
backend = "cargo:names"

[[tools."cargo:skim"]]
version = "0.20.5"
backend = "cargo:skim"

[[tools."cargo:spider_cli"]]
version = "2.40.2"
backend = "cargo:spider_cli"

[[tools."cargo:spider_worker"]]
version = "2.40.2"
backend = "cargo:spider_worker"

[[tools."cargo:tealdeer"]]
version = "1.8.1"
backend = "cargo:tealdeer"

[[tools."cargo:tokei"]]
version = "14.0.0"
backend = "cargo:tokei"

[[tools."cargo:wasm-pack"]]
version = "0.14.0"
backend = "cargo:wasm-pack"

[[tools."cargo:worker-build"]]
version = "0.7.4"
backend = "cargo:worker-build"

[[tools.claude]]
version = "2.1.19"
backend = "http:claude"
"platforms.macos-arm64" = { checksum = "blake3:75ca13631303f96c1031568a74c227afc39ba528346244df846c431cb1626088", url = "https://storage.googleapis.com/claude-code-dist-86c565f3-f756-42ad-8dfa-d59b1c096819/claude-code-releases/2.1.19/darwin-arm64/claude"}

[[tools.gh]]
version = "2.86.0"
backend = "aqua:cli/cli"
"platforms.linux-arm64" = { checksum = "sha256:83cf7a7962ea9dfcc2c123666695792916a87af32cba5f1f6e585db08fa57547", url = "https://github.com/cli/cli/releases/download/v2.86.0/gh_2.86.0_linux_arm64.tar.gz"}
"platforms.linux-x64" = { checksum = "sha256:f3b08bd6a28420cc2229b0a1a687fa25f2b838d3f04b297414c1041ca68103c7", url = "https://github.com/cli/cli/releases/download/v2.86.0/gh_2.86.0_linux_amd64.tar.gz"}
"platforms.macos-arm64" = { checksum = "sha256:bde753978a352c5ae6c4abec47334d516e82807af20c9dbbd45507a5a0aedaaa", url = "https://github.com/cli/cli/releases/download/v2.86.0/gh_2.86.0_macOS_arm64.zip"}
"platforms.macos-x64" = { checksum = "sha256:ced7094d05702eb54a63542abd8a1dc570b7e5ae94951844eb1626ba74bc2c60", url = "https://github.com/cli/cli/releases/download/v2.86.0/gh_2.86.0_macOS_amd64.zip"}
"platforms.windows-x64" = { checksum = "sha256:983c74a8c594366b198485187cd6d4d07638f0bf9a9948d51a2a81a5164d8bfd", url = "https://github.com/cli/cli/releases/download/v2.86.0/gh_2.86.0_windows_amd64.zip"}

[[tools."github:atanunq/viu"]]
version = "1.6.1"
backend = "github:atanunq/viu"
"platforms.linux-arm64" = { checksum = "sha256:64fd815cc4c9a215aab4e81e2165db78127a84789a8b04df060b3de82ac4613b", url = "https://github.com/atanunq/viu/releases/download/v1.6.1/viu-aarch64-unknown-linux-musl", url_api = "https://api.github.com/repos/atanunq/viu/releases/assets/328854954"}
"platforms.linux-x64" = { checksum = "sha256:f108265ff0441406290d5f53f64a2b88d4db530a7389a5dcd771bf782aa3ec6e", url = "https://github.com/atanunq/viu/releases/download/v1.6.1/viu-x86_64-unknown-linux-musl", url_api = "https://api.github.com/repos/atanunq/viu/releases/assets/328854949"}
"platforms.macos-arm64" = { checksum = "sha256:029cddac9553304c1d8bdb82915b3b4af5e35561ca62d141bb2af8db1e52b55d", url = "https://github.com/atanunq/viu/releases/download/v1.6.1/viu-aarch64-apple-darwin", url_api = "https://api.github.com/repos/atanunq/viu/releases/assets/328854938"}
"platforms.macos-x64" = { checksum = "sha256:5caacc8c8bcac5eb1b0e933947e01a1fb412211b9d40f925610636cb7e13154a", url = "https://github.com/atanunq/viu/releases/download/v1.6.1/viu-x86_64-apple-darwin", url_api = "https://api.github.com/repos/atanunq/viu/releases/assets/328854965"}
"platforms.windows-x64" = { checksum = "sha256:f2d16bbe088b205985a49d4f7e4860c74818d41a93a294ba1cb67d4879d55b43", url = "https://github.com/atanunq/viu/releases/download/v1.6.1/viu-x86_64-pc-windows-msvc.exe", url_api = "https://api.github.com/repos/atanunq/viu/releases/assets/328855182"}

[[tools."github:dalance/procs"]]
version = "0.14.10"
backend = "github:dalance/procs"
"platforms.linux-arm64" = { url = "https://github.com/dalance/procs/releases/download/v0.14.10/procs-v0.14.10-aarch64-linux.zip", url_api = "https://api.github.com/repos/dalance/procs/releases/assets/241511725"}
"platforms.linux-x64" = { url = "https://github.com/dalance/procs/releases/download/v0.14.10/procs-v0.14.10-x86_64-linux.zip", url_api = "https://api.github.com/repos/dalance/procs/releases/assets/241511922"}
"platforms.macos-arm64" = { url = "https://github.com/dalance/procs/releases/download/v0.14.10/procs-v0.14.10-aarch64-mac.zip", url_api = "https://api.github.com/repos/dalance/procs/releases/assets/241511560"}
"platforms.macos-x64" = { url = "https://github.com/dalance/procs/releases/download/v0.14.10/procs-v0.14.10-x86_64-mac.zip", url_api = "https://api.github.com/repos/dalance/procs/releases/assets/241511554"}
"platforms.windows-x64" = { url = "https://github.com/dalance/procs/releases/download/v0.14.10/procs-v0.14.10-x86_64-windows.zip", url_api = "https://api.github.com/repos/dalance/procs/releases/assets/241511643"}

[[tools."github:r-lib/rig"]]
version = "latest"
backend = "github:r-lib/rig"
"platforms.linux-arm64" = { url = "https://github.com/r-lib/rig/releases/download/latest/rig-linux-aarch64-latest.tar.gz", url_api = "https://api.github.com/repos/r-lib/rig/releases/assets/160821993"}
"platforms.linux-x64" = { url = "https://github.com/r-lib/rig/releases/download/latest/rig-linux-x86_64-latest.tar.gz", url_api = "https://api.github.com/repos/r-lib/rig/releases/assets/160821994"}
"platforms.macos-arm64" = { url = "https://github.com/r-lib/rig/releases/download/latest/rig-latest-macOS-arm64.pkg", url_api = "https://api.github.com/repos/r-lib/rig/releases/assets/160821989"}
"platforms.macos-x64" = { url = "https://github.com/r-lib/rig/releases/download/latest/rig-latest-macOS-x86_64.pkg", url_api = "https://api.github.com/repos/r-lib/rig/releases/assets/160821991"}
"platforms.windows-x64" = { url = "https://github.com/r-lib/rig/releases/download/latest/rig-windows-latest.exe", url_api = "https://api.github.com/repos/r-lib/rig/releases/assets/160821996"}

[[tools.node]]
version = "22.22.0"
backend = "core:node"
"platforms.linux-arm64" = { checksum = "sha256:25ba95dfb96871fa2ef977f11f95ea90818c8fa15c0f2110771db08d4ba423be", url = "https://nodejs.org/dist/v22.22.0/node-v22.22.0-linux-arm64.tar.gz"}
"platforms.linux-x64" = { checksum = "sha256:c33c39ed9c80deddde77c960d00119918b9e352426fd604ba41638d6526a4744", url = "https://nodejs.org/dist/v22.22.0/node-v22.22.0-linux-x64.tar.gz"}
"platforms.macos-arm64" = { checksum = "sha256:5ed4db0fcf1eaf84d91ad12462631d73bf4576c1377e192d222e48026a902640", url = "https://nodejs.org/dist/v22.22.0/node-v22.22.0-darwin-arm64.tar.gz"}
"platforms.macos-x64" = { checksum = "sha256:5ea50c9d6dea3dfa3abb66b2656f7a4e1c8cef23432b558d45fb538c7b5dedce", url = "https://nodejs.org/dist/v22.22.0/node-v22.22.0-darwin-x64.tar.gz"}
"platforms.windows-x64" = { checksum = "sha256:c97fa376d2becdc8863fcd3ca2dd9a83a9f3468ee7ccf7a6d076ec66a645c77a", url = "https://nodejs.org/dist/v22.22.0/node-v22.22.0-win-x64.zip"}

[[tools.pnpm]]
version = "10.28.1"
backend = "aqua:pnpm/pnpm"
"platforms.linux-arm64" = { checksum = "sha256:bbc6860d6c7eb33bcafe670874323cd6617b03e46f8b34163bb0691eac8156f3", url = "https://github.com/pnpm/pnpm/releases/download/v10.28.1/pnpm-linux-arm64"}
"platforms.linux-x64" = { checksum = "sha256:e1a90745bbab7aad1de6886e5c6da978463fe8382953d1406e0e30661d0613a1", url = "https://github.com/pnpm/pnpm/releases/download/v10.28.1/pnpm-linux-x64"}
"platforms.macos-arm64" = { checksum = "sha256:6c123dcd8c7eab530f51f0544e7c893a5249cabda5a9469db63262cc7a738fcb", url = "https://github.com/pnpm/pnpm/releases/download/v10.28.1/pnpm-macos-arm64"}
"platforms.macos-x64" = { checksum = "sha256:11cc2b5c9e6f0e1d6e2bfb414e0db3d26f07378a76c2c045ec9dbecc91050bd4", url = "https://github.com/pnpm/pnpm/releases/download/v10.28.1/pnpm-macos-x64"}
"platforms.windows-x64" = { checksum = "sha256:6205534c0e8acd0cc3a2da48ee8a3ece33e7e170ab84880f888edca51a795312", url = "https://github.com/pnpm/pnpm/releases/download/v10.28.1/pnpm-win-x64.exe"}

[[tools.rust]]
version = "1.93.1"
backend = "core:rust"

[[tools.terraform]]
version = "1.14.3"
backend = "aqua:hashicorp/terraform"
"platforms.linux-arm64" = { checksum = "sha256:fb5b004070e5e438214a74ddca321c22246f799e5cbe1ee9df582528e953f8cc", url = "https://releases.hashicorp.com/terraform/1.14.3/terraform_1.14.3_linux_arm64.zip"}
"platforms.linux-x64" = { checksum = "sha256:178b2a602251bb68b94732aceca2cc1023d87597cb83dba92cab31b6689edb4d", url = "https://releases.hashicorp.com/terraform/1.14.3/terraform_1.14.3_linux_amd64.zip"}
"platforms.macos-arm64" = { checksum = "sha256:c45e74c19f38ec7fcb55f74b9788a75a2cbb07da45343b197ae4a41637e571b6", url = "https://releases.hashicorp.com/terraform/1.14.3/terraform_1.14.3_darwin_arm64.zip"}
"platforms.macos-x64" = { checksum = "sha256:f88d0c3ff98add0e0288bfc1fe59df15e7fb0302bddef6a7367f734ef213cd02", url = "https://releases.hashicorp.com/terraform/1.14.3/terraform_1.14.3_darwin_amd64.zip"}
"platforms.windows-x64" = { checksum = "sha256:7bdb1dfd8b3960aca08b6cf3e47e64be840582a3b6e396018b22126d517b0434", url = "https://releases.hashicorp.com/terraform/1.14.3/terraform_1.14.3_windows_amd64.zip"}
